<?xml version="1.0" encoding="utf-8"?>
<Project ToolsVersion="4.0" xmlns="http://schemas.microsoft.com/developer/msbuild/2003">
  <ItemGroup>
    <Filter Include="ソース ファイル">
      <UniqueIdentifier>{4FC737F1-C7A5-4376-A066-2A32D752A2FF}</UniqueIdentifier>
      <Extensions>cpp;c;cc;cxx;c++;cppm;ixx;def;odl;idl;hpj;bat;asm;asmx</Extensions>
    </Filter>
    <Filter Include="ヘッダー ファイル">
      <UniqueIdentifier>{93995380-89BD-4b04-88EB-625FBE52EBFB}</UniqueIdentifier>
      <Extensions>h;hh;hpp;hxx;h++;hm;inl;inc;ipp;xsd</Extensions>
    </Filter>
    <Filter Include="リソース ファイル">
      <UniqueIdentifier>{67DA6AB6-F800-4c08-8B7A-83BB121AAD01}</UniqueIdentifier>
      <Extensions>rc;ico;cur;bmp;dlg;rc2;rct;bin;rgs;gif;jpg;jpeg;jpe;resx;tiff;tif;png;wav;mfcribbon-ms</Extensions>
    </Filter>
    <Filter Include="ソース ファイル\RandomModule">
      <UniqueIdentifier>{c4f4b957-cbaa-4abf-8282-7ed9210218bb}</UniqueIdentifier>
    </Filter>
    <Filter Include="ソース ファイル\SortMethod">
      <UniqueIdentifier>{905427de-ee52-4362-af41-23ca7d50c1cc}</UniqueIdentifier>
    </Filter>
    <Filter Include="ソース ファイル\OutPutLog">
      <UniqueIdentifier>{0c560c5f-c593-4d94-ad70-c9965f7311bf}</UniqueIdentifier>
    </Filter>
    <Filter Include="ソース ファイル\PositionData">
      <UniqueIdentifier>{be469be4-af42-4d0c-bc63-bf4520c439a6}</UniqueIdentifier>
    </Filter>
    <Filter Include="ソース ファイル\AssetsLoader">
      <UniqueIdentifier>{fe9394f6-0c3b-4271-b5c9-7b7f2212ee30}</UniqueIdentifier>
    </Filter>
  </ItemGroup>
  <ItemGroup>
    <ClCompile Include="ProgramTest.cpp">
      <Filter>ソース ファイル</Filter>
    </ClCompile>
    <ClCompile Include="RyuuClass\SortMethod\Sort.cpp">
      <Filter>ソース ファイル\SortMethod</Filter>
    </ClCompile>
    <ClCompile Include="RyuuClass\RandomModule\Random.cpp">
      <Filter>ソース ファイル\RandomModule</Filter>
    </ClCompile>
    <ClCompile Include="RyuuClass\PositionData\Pos.cpp">
      <Filter>ソース ファイル\PositionData</Filter>
    </ClCompile>
    <ClCompile Include="RyuuClass\OutPutLog\OutPutLog.cpp">
      <Filter>ソース ファイル\OutPutLog</Filter>
    </ClCompile>
  </ItemGroup>
  <ItemGroup>
    <ClInclude Include="RyuuClass.h">
      <Filter>ヘッダー ファイル</Filter>
    </ClInclude>
    <ClInclude Include="RyuuClass\SortMethod\Sort.h">
      <Filter>ソース ファイル\SortMethod</Filter>
    </ClInclude>
    <ClInclude Include="RyuuClass\RandomModule\Random.h">
      <Filter>ソース ファイル\RandomModule</Filter>
    </ClInclude>
    <ClInclude Include="RyuuClass\OutPutLog\OutPutLog.h">
      <Filter>ソース ファイル\OutPutLog</Filter>
    </ClInclude>
    <ClInclude Include="RyuuClass\PositionData\Pos.h">
      <Filter>ソース ファイル\PositionData</Filter>
    </ClInclude>
    <ClInclude Include="RyuuClass\AssetsLoader\AssetsLoader.h">
      <Filter>ソース ファイル\AssetsLoader</Filter>
    </ClInclude>
  </ItemGroup>
</Project>